
Microsoft Visual Studio Solution File, Format Version 12.00
# Visual Studio Version 17
VisualStudioVersion = 17.11.35312.102
MinimumVisualStudioVersion = 10.0.40219.1
Project("{2150E333-8FDC-42A3-9474-1A3956D46DE8}") = "com.kuru.forge", "com.kuru.forge", "{28C3B1F9-562D-46A5-A1DA-FE691170BA6F}"
	ProjectSection(SolutionItems) = preProject
		CHANGELOG.md = CHANGELOG.md
		LICENSE.md = LICENSE.md
		package.json = package.json
	EndProjectSection
EndProject
Project("{2150E333-8FDC-42A3-9474-1A3956D46DE8}") = "Editor", "Editor", "{206DC2D5-1B51-42AE-9DCA-270BC839D486}"
EndProject
Global
	GlobalSection(SolutionProperties) = preSolution
		HideSolutionNode = FALSE
	EndGlobalSection
	GlobalSection(NestedProjects) = preSolution
		{206DC2D5-1B51-42AE-9DCA-270BC839D486} = {28C3B1F9-562D-46A5-A1DA-FE691170BA6F}
	EndGlobalSection
	GlobalSection(ExtensibilityGlobals) = postSolution
		SolutionGuid = {0987008A-7DF9-4ECC-AD2E-7745DFD324A1}
	EndGlobalSection
EndGlobal
