
Microsoft Visual Studio Solution File, Format Version 12.00
# Visual Studio Version 17
VisualStudioVersion = 17.11.35312.102
MinimumVisualStudioVersion = 10.0.40219.1
Project("{FAE04EC0-301F-11D3-BF4B-00C04F79EFBC}") = "Forge", "Forge\Forge.csproj", "{27FA3C46-55E7-4F20-A868-95A8B5202118}"
EndProject
Project("{FAE04EC0-301F-11D3-BF4B-00C04F79EFBC}") = "Forge.Editor", "Forge.Editor\Forge.Editor.csproj", "{3C9E0BF5-86CD-4A82-9854-B936B11DB948}"
EndProject
Project("{FAE04EC0-301F-11D3-BF4B-00C04F79EFBC}") = "Forge.Decompiler", "Forge.Decompiler\Forge.Decompiler.csproj", "{B46075A6-B45D-4DAC-9CD7-0185339FE88C}"
EndProject
Project("{FAE04EC0-301F-11D3-BF4B-00C04F79EFBC}") = "Forge.Utilities", "Forge.Utilities\Forge.Utilities.csproj", "{0F12D515-3AC4-47B9-9B8F-2DCE1B38F2D8}"
EndProject
Project("{FAE04EC0-301F-11D3-BF4B-00C04F79EFBC}") = "Forge.Project", "Forge.Project\Forge.Project.csproj", "{00DA120C-8A74-4C54-B281-AAE517EEC00B}"
EndProject
Project("{2150E333-8FDC-42A3-9474-1A3956D46DE8}") = "Solution Items", "Solution Items", "{8EC462FD-D22E-90A8-E5CE-7E832BA40C5D}"
	ProjectSection(SolutionItems) = preProject
		.gitattributes = .gitattributes
		.gitignore = .gitignore
		.npmignore = .npmignore
		Directory.Build.props = Directory.Build.props
		Directory.Build.props.sample = Directory.Build.props.sample
	EndProjectSection
EndProject
Global
	GlobalSection(SolutionConfigurationPlatforms) = preSolution
		Debug|Any CPU = Debug|Any CPU
		Release|Any CPU = Release|Any CPU
	EndGlobalSection
	GlobalSection(ProjectConfigurationPlatforms) = postSolution
		{27FA3C46-55E7-4F20-A868-95A8B5202118}.Debug|Any CPU.ActiveCfg = Debug|Any CPU
		{27FA3C46-55E7-4F20-A868-95A8B5202118}.Debug|Any CPU.Build.0 = Debug|Any CPU
		{27FA3C46-55E7-4F20-A868-95A8B5202118}.Release|Any CPU.ActiveCfg = Release|Any CPU
		{27FA3C46-55E7-4F20-A868-95A8B5202118}.Release|Any CPU.Build.0 = Release|Any CPU
		{3C9E0BF5-86CD-4A82-9854-B936B11DB948}.Debug|Any CPU.ActiveCfg = Debug|Any CPU
		{3C9E0BF5-86CD-4A82-9854-B936B11DB948}.Debug|Any CPU.Build.0 = Debug|Any CPU
		{3C9E0BF5-86CD-4A82-9854-B936B11DB948}.Release|Any CPU.ActiveCfg = Release|Any CPU
		{3C9E0BF5-86CD-4A82-9854-B936B11DB948}.Release|Any CPU.Build.0 = Release|Any CPU
		{B46075A6-B45D-4DAC-9CD7-0185339FE88C}.Debug|Any CPU.ActiveCfg = Debug|Any CPU
		{B46075A6-B45D-4DAC-9CD7-0185339FE88C}.Debug|Any CPU.Build.0 = Debug|Any CPU
		{B46075A6-B45D-4DAC-9CD7-0185339FE88C}.Release|Any CPU.ActiveCfg = Release|Any CPU
		{B46075A6-B45D-4DAC-9CD7-0185339FE88C}.Release|Any CPU.Build.0 = Release|Any CPU
		{0F12D515-3AC4-47B9-9B8F-2DCE1B38F2D8}.Debug|Any CPU.ActiveCfg = Debug|Any CPU
		{0F12D515-3AC4-47B9-9B8F-2DCE1B38F2D8}.Debug|Any CPU.Build.0 = Debug|Any CPU
		{0F12D515-3AC4-47B9-9B8F-2DCE1B38F2D8}.Release|Any CPU.ActiveCfg = Release|Any CPU
		{0F12D515-3AC4-47B9-9B8F-2DCE1B38F2D8}.Release|Any CPU.Build.0 = Release|Any CPU
		{00DA120C-8A74-4C54-B281-AAE517EEC00B}.Debug|Any CPU.ActiveCfg = Debug|Any CPU
		{00DA120C-8A74-4C54-B281-AAE517EEC00B}.Debug|Any CPU.Build.0 = Debug|Any CPU
		{00DA120C-8A74-4C54-B281-AAE517EEC00B}.Release|Any CPU.ActiveCfg = Release|Any CPU
		{00DA120C-8A74-4C54-B281-AAE517EEC00B}.Release|Any CPU.Build.0 = Release|Any CPU
	EndGlobalSection
	GlobalSection(SolutionProperties) = preSolution
		HideSolutionNode = FALSE
	EndGlobalSection
	GlobalSection(ExtensibilityGlobals) = postSolution
		SolutionGuid = {B7B47C3A-8831-4221-AB90-4E903D3EF8B2}
	EndGlobalSection
EndGlobal
